
Microsoft Visual Studio Solution File, Format Version 12.00
# Visual Studio 15
VisualStudioVersion = 15.0.27130.2027
MinimumVisualStudioVersion = 10.0.40219.1
Project("{FAE04EC0-301F-11D3-BF4B-00C04F79EFBC}") = "TYSystem.Web", "TYSystem.Web\TYSystem.Web.csproj", "{1141B548-09B9-4D91-887A-9624534E1634}"
EndProject
Global
	GlobalSection(SolutionConfigurationPlatforms) = preSolution
		Debug|Any CPU = Debug|Any CPU
		Release|Any CPU = Release|Any CPU
	EndGlobalSection
	GlobalSection(ProjectConfigurationPlatforms) = postSolution
		{1141B548-09B9-4D91-887A-9624534E1634}.Debug|Any CPU.ActiveCfg = Debug|Any CPU
		{1141B548-09B9-4D91-887A-9624534E1634}.Debug|Any CPU.Build.0 = Debug|Any CPU
		{1141B548-09B9-4D91-887A-9624534E1634}.Release|Any CPU.ActiveCfg = Release|Any CPU
		{1141B548-09B9-4D91-887A-9624534E1634}.Release|Any CPU.Build.0 = Release|Any CPU
	EndGlobalSection
	GlobalSection(SolutionProperties) = preSolution
		HideSolutionNode = FALSE
	EndGlobalSection
	GlobalSection(ExtensibilityGlobals) = postSolution
		SolutionGuid = {4C690D5C-A019-4F6C-BAB2-60003E62CB23}
	EndGlobalSection
EndGlobal
